
Microsoft Visual Studio Solution File, Format Version 12.00
# Visual Studio 14
VisualStudioVersion = 14.0.25420.1
MinimumVisualStudioVersion = 10.0.40219.1
Project("{9092AA53-FB77-4645-B42D-1CCCA6BD08BD}") = "google-home-iftt", "google-home-iftt.njsproj", "{B4DBAA92-2D8C-4BE2-8345-23999BE8915E}"
EndProject
Global
	GlobalSection(SolutionConfigurationPlatforms) = preSolution
		Debug|Any CPU = Debug|Any CPU
		Release|Any CPU = Release|Any CPU
	EndGlobalSection
	GlobalSection(ProjectConfigurationPlatforms) = postSolution
		{B4DBAA92-2D8C-4BE2-8345-23999BE8915E}.Debug|Any CPU.ActiveCfg = Debug|Any CPU
		{B4DBAA92-2D8C-4BE2-8345-23999BE8915E}.Debug|Any CPU.Build.0 = Debug|Any CPU
		{B4DBAA92-2D8C-4BE2-8345-23999BE8915E}.Release|Any CPU.ActiveCfg = Release|Any CPU
		{B4DBAA92-2D8C-4BE2-8345-23999BE8915E}.Release|Any CPU.Build.0 = Release|Any CPU
	EndGlobalSection
	GlobalSection(SolutionProperties) = preSolution
		HideSolutionNode = FALSE
	EndGlobalSection
EndGlobal
